
Microsoft Visual Studio Solution File, Format Version 11.00
# Visual Studio 2010
Project("{FAE04EC0-301F-11D3-BF4B-00C04F79EFBC}") = "AdventureWorks.MVC", "AdventureWorks.MVC\AdventureWorks.MVC.csproj", "{B92015AF-8734-4261-9FFA-23D3B0CC9F98}"
EndProject
Project("{FAE04EC0-301F-11D3-BF4B-00C04F79EFBC}") = "AdventureWorks.Tests", "AdventureWorks.MVC.Tests\AdventureWorks.Tests.csproj", "{6E149254-5D1D-4D8C-9CBC-0FEBF86147B3}"
EndProject
Project("{FAE04EC0-301F-11D3-BF4B-00C04F79EFBC}") = "AdventureWorks.WebAPI", "AdventureWorks.API\AdventureWorks.WebAPI.csproj", "{C7918058-C211-4B87-AB65-D9ADA6A541DB}"
EndProject
Project("{FAE04EC0-301F-11D3-BF4B-00C04F79EFBC}") = "AdventureWorks.Repository", "AdventureWorks.Repository\AdventureWorks.Repository.csproj", "{94B08A5E-F944-4A96-8E5A-91646A04CCE7}"
EndProject
Project("{FAE04EC0-301F-11D3-BF4B-00C04F79EFBC}") = "AdventureWorks.Domain", "AdventureWorks.Domain\AdventureWorks.Domain.csproj", "{DEEC3379-1EC7-4C36-A2D7-C7D4FCD79A79}"
EndProject
Project("{FAE04EC0-301F-11D3-BF4B-00C04F79EFBC}") = "AdventureWorks.ApplicationServices", "AdventureWorks.ApplicationServices\AdventureWorks.ApplicationServices.csproj", "{8AB7ACE7-1CEB-4A6A-9251-E195DE48E158}"
EndProject
Project("{FAE04EC0-301F-11D3-BF4B-00C04F79EFBC}") = "AdventureWorks.CrossCutting", "AdventureWorks.CrossCutting\AdventureWorks.CrossCutting.csproj", "{AA0A84B7-37B3-45EE-8F25-E247B3E7717C}"
EndProject
Project("{F088123C-0E9E-452A-89E6-6BA2F21D5CAC}") = "AdventureWorksModel", "AdventureWorksModel\AdventureWorksModel.modelproj", "{F0ECDE1D-567E-4585-AD66-6B5C91C635E0}"
EndProject
Project("{2150E333-8FDC-42A3-9474-1A3956D46DE8}") = ".nuget", ".nuget", "{E350FC60-55C4-4DCF-BA65-59ED7D7F28F1}"
	ProjectSection(SolutionItems) = preProject
		.nuget\NuGet.Config = .nuget\NuGet.Config
		.nuget\NuGet.exe = .nuget\NuGet.exe
		.nuget\NuGet.targets = .nuget\NuGet.targets
	EndProjectSection
EndProject
Project("{FAE04EC0-301F-11D3-BF4B-00C04F79EFBC}") = "AdventureWorks.References", "AdventureWorks.References\AdventureWorks.References.csproj", "{7E8D4E97-9580-4679-BF87-26416A40A6A5}"
EndProject
Global
	GlobalSection(SolutionConfigurationPlatforms) = preSolution
		Debug|Any CPU = Debug|Any CPU
		Release|Any CPU = Release|Any CPU
	EndGlobalSection
	GlobalSection(ProjectConfigurationPlatforms) = postSolution
		{B92015AF-8734-4261-9FFA-23D3B0CC9F98}.Debug|Any CPU.ActiveCfg = Debug|Any CPU
		{B92015AF-8734-4261-9FFA-23D3B0CC9F98}.Debug|Any CPU.Build.0 = Debug|Any CPU
		{B92015AF-8734-4261-9FFA-23D3B0CC9F98}.Release|Any CPU.ActiveCfg = Release|Any CPU
		{B92015AF-8734-4261-9FFA-23D3B0CC9F98}.Release|Any CPU.Build.0 = Release|Any CPU
		{6E149254-5D1D-4D8C-9CBC-0FEBF86147B3}.Debug|Any CPU.ActiveCfg = Debug|Any CPU
		{6E149254-5D1D-4D8C-9CBC-0FEBF86147B3}.Debug|Any CPU.Build.0 = Debug|Any CPU
		{6E149254-5D1D-4D8C-9CBC-0FEBF86147B3}.Release|Any CPU.ActiveCfg = Release|Any CPU
		{6E149254-5D1D-4D8C-9CBC-0FEBF86147B3}.Release|Any CPU.Build.0 = Release|Any CPU
		{C7918058-C211-4B87-AB65-D9ADA6A541DB}.Debug|Any CPU.ActiveCfg = Debug|Any CPU
		{C7918058-C211-4B87-AB65-D9ADA6A541DB}.Debug|Any CPU.Build.0 = Debug|Any CPU
		{C7918058-C211-4B87-AB65-D9ADA6A541DB}.Release|Any CPU.ActiveCfg = Release|Any CPU
		{C7918058-C211-4B87-AB65-D9ADA6A541DB}.Release|Any CPU.Build.0 = Release|Any CPU
		{94B08A5E-F944-4A96-8E5A-91646A04CCE7}.Debug|Any CPU.ActiveCfg = Debug|Any CPU
		{94B08A5E-F944-4A96-8E5A-91646A04CCE7}.Debug|Any CPU.Build.0 = Debug|Any CPU
		{94B08A5E-F944-4A96-8E5A-91646A04CCE7}.Release|Any CPU.ActiveCfg = Release|Any CPU
		{94B08A5E-F944-4A96-8E5A-91646A04CCE7}.Release|Any CPU.Build.0 = Release|Any CPU
		{DEEC3379-1EC7-4C36-A2D7-C7D4FCD79A79}.Debug|Any CPU.ActiveCfg = Debug|Any CPU
		{DEEC3379-1EC7-4C36-A2D7-C7D4FCD79A79}.Debug|Any CPU.Build.0 = Debug|Any CPU
		{DEEC3379-1EC7-4C36-A2D7-C7D4FCD79A79}.Release|Any CPU.ActiveCfg = Release|Any CPU
		{DEEC3379-1EC7-4C36-A2D7-C7D4FCD79A79}.Release|Any CPU.Build.0 = Release|Any CPU
		{8AB7ACE7-1CEB-4A6A-9251-E195DE48E158}.Debug|Any CPU.ActiveCfg = Debug|Any CPU
		{8AB7ACE7-1CEB-4A6A-9251-E195DE48E158}.Debug|Any CPU.Build.0 = Debug|Any CPU
		{8AB7ACE7-1CEB-4A6A-9251-E195DE48E158}.Release|Any CPU.ActiveCfg = Release|Any CPU
		{8AB7ACE7-1CEB-4A6A-9251-E195DE48E158}.Release|Any CPU.Build.0 = Release|Any CPU
		{AA0A84B7-37B3-45EE-8F25-E247B3E7717C}.Debug|Any CPU.ActiveCfg = Debug|Any CPU
		{AA0A84B7-37B3-45EE-8F25-E247B3E7717C}.Debug|Any CPU.Build.0 = Debug|Any CPU
		{AA0A84B7-37B3-45EE-8F25-E247B3E7717C}.Release|Any CPU.ActiveCfg = Release|Any CPU
		{AA0A84B7-37B3-45EE-8F25-E247B3E7717C}.Release|Any CPU.Build.0 = Release|Any CPU
		{F0ECDE1D-567E-4585-AD66-6B5C91C635E0}.Debug|Any CPU.ActiveCfg = Debug|Any CPU
		{F0ECDE1D-567E-4585-AD66-6B5C91C635E0}.Debug|Any CPU.Build.0 = Debug|Any CPU
		{F0ECDE1D-567E-4585-AD66-6B5C91C635E0}.Release|Any CPU.ActiveCfg = Release|Any CPU
		{F0ECDE1D-567E-4585-AD66-6B5C91C635E0}.Release|Any CPU.Build.0 = Release|Any CPU
		{7E8D4E97-9580-4679-BF87-26416A40A6A5}.Debug|Any CPU.ActiveCfg = Debug|Any CPU
		{7E8D4E97-9580-4679-BF87-26416A40A6A5}.Debug|Any CPU.Build.0 = Debug|Any CPU
		{7E8D4E97-9580-4679-BF87-26416A40A6A5}.Release|Any CPU.ActiveCfg = Release|Any CPU
		{7E8D4E97-9580-4679-BF87-26416A40A6A5}.Release|Any CPU.Build.0 = Release|Any CPU
	EndGlobalSection
	GlobalSection(SolutionProperties) = preSolution
		HideSolutionNode = FALSE
	EndGlobalSection
	GlobalSection(ExtensibilityGlobals) = postSolution
		EnterpriseLibraryConfigurationToolBinariesPath = packages\Unity.2.1.505.0\lib\NET35;packages\Unity.2.1.505.2\lib\NET35
	EndGlobalSection
EndGlobal
