
Microsoft Visual Studio Solution File, Format Version 11.00
# Visual Studio 2010
Project("{FAE04EC0-301F-11D3-BF4B-00C04F79EFBC}") = "Northwind.MVC", "Northwind.MVC\Northwind.MVC.csproj", "{B92015AF-8734-4261-9FFA-23D3B0CC9F98}"
EndProject
Project("{FAE04EC0-301F-11D3-BF4B-00C04F79EFBC}") = "Northwind.MVC.Tests", "Northwind.MVC.Tests\Northwind.MVC.Tests.csproj", "{6E149254-5D1D-4D8C-9CBC-0FEBF86147B3}"
EndProject
Project("{FAE04EC0-301F-11D3-BF4B-00C04F79EFBC}") = "Northwind.WebAPI", "Northwind.API\Northwind.WebAPI.csproj", "{C7918058-C211-4B87-AB65-D9ADA6A541DB}"
EndProject
Project("{FAE04EC0-301F-11D3-BF4B-00C04F79EFBC}") = "Northwind.Repository", "Northwind.Repository\Northwind.Repository.csproj", "{94B08A5E-F944-4A96-8E5A-91646A04CCE7}"
EndProject
Project("{FAE04EC0-301F-11D3-BF4B-00C04F79EFBC}") = "Northwind.Domain", "Northwind.Domain\Northwind.Domain.csproj", "{DEEC3379-1EC7-4C36-A2D7-C7D4FCD79A79}"
EndProject
Global
	GlobalSection(SolutionConfigurationPlatforms) = preSolution
		Debug|Any CPU = Debug|Any CPU
		Release|Any CPU = Release|Any CPU
	EndGlobalSection
	GlobalSection(ProjectConfigurationPlatforms) = postSolution
		{B92015AF-8734-4261-9FFA-23D3B0CC9F98}.Debug|Any CPU.ActiveCfg = Debug|Any CPU
		{B92015AF-8734-4261-9FFA-23D3B0CC9F98}.Debug|Any CPU.Build.0 = Debug|Any CPU
		{B92015AF-8734-4261-9FFA-23D3B0CC9F98}.Release|Any CPU.ActiveCfg = Release|Any CPU
		{B92015AF-8734-4261-9FFA-23D3B0CC9F98}.Release|Any CPU.Build.0 = Release|Any CPU
		{6E149254-5D1D-4D8C-9CBC-0FEBF86147B3}.Debug|Any CPU.ActiveCfg = Debug|Any CPU
		{6E149254-5D1D-4D8C-9CBC-0FEBF86147B3}.Debug|Any CPU.Build.0 = Debug|Any CPU
		{6E149254-5D1D-4D8C-9CBC-0FEBF86147B3}.Release|Any CPU.ActiveCfg = Release|Any CPU
		{6E149254-5D1D-4D8C-9CBC-0FEBF86147B3}.Release|Any CPU.Build.0 = Release|Any CPU
		{C7918058-C211-4B87-AB65-D9ADA6A541DB}.Debug|Any CPU.ActiveCfg = Debug|Any CPU
		{C7918058-C211-4B87-AB65-D9ADA6A541DB}.Debug|Any CPU.Build.0 = Debug|Any CPU
		{C7918058-C211-4B87-AB65-D9ADA6A541DB}.Release|Any CPU.ActiveCfg = Release|Any CPU
		{C7918058-C211-4B87-AB65-D9ADA6A541DB}.Release|Any CPU.Build.0 = Release|Any CPU
		{94B08A5E-F944-4A96-8E5A-91646A04CCE7}.Debug|Any CPU.ActiveCfg = Debug|Any CPU
		{94B08A5E-F944-4A96-8E5A-91646A04CCE7}.Debug|Any CPU.Build.0 = Debug|Any CPU
		{94B08A5E-F944-4A96-8E5A-91646A04CCE7}.Release|Any CPU.ActiveCfg = Release|Any CPU
		{94B08A5E-F944-4A96-8E5A-91646A04CCE7}.Release|Any CPU.Build.0 = Release|Any CPU
		{DEEC3379-1EC7-4C36-A2D7-C7D4FCD79A79}.Debug|Any CPU.ActiveCfg = Debug|Any CPU
		{DEEC3379-1EC7-4C36-A2D7-C7D4FCD79A79}.Debug|Any CPU.Build.0 = Debug|Any CPU
		{DEEC3379-1EC7-4C36-A2D7-C7D4FCD79A79}.Release|Any CPU.ActiveCfg = Release|Any CPU
		{DEEC3379-1EC7-4C36-A2D7-C7D4FCD79A79}.Release|Any CPU.Build.0 = Release|Any CPU
	EndGlobalSection
	GlobalSection(SolutionProperties) = preSolution
		HideSolutionNode = FALSE
	EndGlobalSection
EndGlobal
